
Microsoft Visual Studio Solution File, Format Version 12.00
# Visual Studio Version 17
VisualStudioVersion = 17.14.37628.2 d17.14
MinimumVisualStudioVersion = 10.0.40219.1
Project("{FAE04EC0-301F-11D3-BF4B-00C04F79EFBC}") = "FormationCS", "FormationCS\FormationCS.csproj", "{A35F2064-E2AF-4844-A170-3384C6B0AA1B}"
EndProject
Global
	GlobalSection(SolutionConfigurationPlatforms) = preSolution
		Debug|Any CPU = Debug|Any CPU
		Release|Any CPU = Release|Any CPU
	EndGlobalSection
	GlobalSection(ProjectConfigurationPlatforms) = postSolution
		{A35F2064-E2AF-4844-A170-3384C6B0AA1B}.Debug|Any CPU.ActiveCfg = Debug|Any CPU
		{A35F2064-E2AF-4844-A170-3384C6B0AA1B}.Debug|Any CPU.Build.0 = Debug|Any CPU
		{A35F2064-E2AF-4844-A170-3384C6B0AA1B}.Release|Any CPU.ActiveCfg = Release|Any CPU
		{A35F2064-E2AF-4844-A170-3384C6B0AA1B}.Release|Any CPU.Build.0 = Release|Any CPU
	EndGlobalSection
	GlobalSection(SolutionProperties) = preSolution
		HideSolutionNode = FALSE
	EndGlobalSection
	GlobalSection(ExtensibilityGlobals) = postSolution
		SolutionGuid = {5AA8A02E-F664-48B6-B5CC-CACCBC66A64A}
	EndGlobalSection
EndGlobal
